
Microsoft Visual Studio Solution File, Format Version 12.00
# Visual Studio Version 17
VisualStudioVersion = 17.5.33516.290
MinimumVisualStudioVersion = 10.0.40219.1
Project("{9A19103F-16F7-4668-BE54-9A1E7A4F7556}") = "CleanArcMvc.API", "CleanArcMvc.API\CleanArcMvc.API.csproj", "{6F3BED14-1D68-4B34-9A1E-6C4F6489C398}"
	ProjectSection(ProjectDependencies) = postProject
		{50CDF9D3-9D61-4F6F-9769-A6998D7ABF4B} = {50CDF9D3-9D61-4F6F-9769-A6998D7ABF4B}
	EndProjectSection
EndProject
Project("{9A19103F-16F7-4668-BE54-9A1E7A4F7556}") = "CleanArcMvc.Application", "CleanArcMvc.Application\CleanArcMvc.Application.csproj", "{B5CD7729-DAE5-4928-874F-C3D2C912993B}"
	ProjectSection(ProjectDependencies) = postProject
		{C12EF64E-DEF7-4DCD-BE1C-FB71DD457182} = {C12EF64E-DEF7-4DCD-BE1C-FB71DD457182}
	EndProjectSection
EndProject
Project("{9A19103F-16F7-4668-BE54-9A1E7A4F7556}") = "CleanArcMvc.Domain", "CleanArcMvc.Domain\CleanArcMvc.Domain.csproj", "{C12EF64E-DEF7-4DCD-BE1C-FB71DD457182}"
EndProject
Project("{9A19103F-16F7-4668-BE54-9A1E7A4F7556}") = "CleanArcMvc.Domain.Tests", "CleanArcMvc.Domain.Tests\CleanArcMvc.Domain.Tests.csproj", "{2FAB0CAA-437C-4228-8183-470FB2259728}"
	ProjectSection(ProjectDependencies) = postProject
		{C12EF64E-DEF7-4DCD-BE1C-FB71DD457182} = {C12EF64E-DEF7-4DCD-BE1C-FB71DD457182}
	EndProjectSection
EndProject
Project("{9A19103F-16F7-4668-BE54-9A1E7A4F7556}") = "CleanArcMvc.Infra.Data", "CleanArcMvc.Infra.Data\CleanArcMvc.Infra.Data.csproj", "{C39F323E-37E0-4C44-9D60-355112FC00C2}"
	ProjectSection(ProjectDependencies) = postProject
		{C12EF64E-DEF7-4DCD-BE1C-FB71DD457182} = {C12EF64E-DEF7-4DCD-BE1C-FB71DD457182}
	EndProjectSection
EndProject
Project("{9A19103F-16F7-4668-BE54-9A1E7A4F7556}") = "CleanArcMvc.Infra.IoC", "CleanArcMvc.Infra.IoC\CleanArcMvc.Infra.IoC.csproj", "{50CDF9D3-9D61-4F6F-9769-A6998D7ABF4B}"
	ProjectSection(ProjectDependencies) = postProject
		{B5CD7729-DAE5-4928-874F-C3D2C912993B} = {B5CD7729-DAE5-4928-874F-C3D2C912993B}
		{C12EF64E-DEF7-4DCD-BE1C-FB71DD457182} = {C12EF64E-DEF7-4DCD-BE1C-FB71DD457182}
		{C39F323E-37E0-4C44-9D60-355112FC00C2} = {C39F323E-37E0-4C44-9D60-355112FC00C2}
	EndProjectSection
EndProject
Project("{9A19103F-16F7-4668-BE54-9A1E7A4F7556}") = "CleanArcMvc.WebUI", "CleanArcMvc.WebUI\CleanArcMvc.WebUI.csproj", "{0E72E4B1-7906-4CE7-B4EB-E0B289519E13}"
	ProjectSection(ProjectDependencies) = postProject
		{50CDF9D3-9D61-4F6F-9769-A6998D7ABF4B} = {50CDF9D3-9D61-4F6F-9769-A6998D7ABF4B}
	EndProjectSection
EndProject
Global
	GlobalSection(SolutionConfigurationPlatforms) = preSolution
		Debug|Any CPU = Debug|Any CPU
		Release|Any CPU = Release|Any CPU
	EndGlobalSection
	GlobalSection(ProjectConfigurationPlatforms) = postSolution
		{6F3BED14-1D68-4B34-9A1E-6C4F6489C398}.Debug|Any CPU.ActiveCfg = Debug|Any CPU
		{6F3BED14-1D68-4B34-9A1E-6C4F6489C398}.Debug|Any CPU.Build.0 = Debug|Any CPU
		{6F3BED14-1D68-4B34-9A1E-6C4F6489C398}.Release|Any CPU.ActiveCfg = Release|Any CPU
		{6F3BED14-1D68-4B34-9A1E-6C4F6489C398}.Release|Any CPU.Build.0 = Release|Any CPU
		{B5CD7729-DAE5-4928-874F-C3D2C912993B}.Debug|Any CPU.ActiveCfg = Debug|Any CPU
		{B5CD7729-DAE5-4928-874F-C3D2C912993B}.Debug|Any CPU.Build.0 = Debug|Any CPU
		{B5CD7729-DAE5-4928-874F-C3D2C912993B}.Release|Any CPU.ActiveCfg = Release|Any CPU
		{B5CD7729-DAE5-4928-874F-C3D2C912993B}.Release|Any CPU.Build.0 = Release|Any CPU
		{C12EF64E-DEF7-4DCD-BE1C-FB71DD457182}.Debug|Any CPU.ActiveCfg = Debug|Any CPU
		{C12EF64E-DEF7-4DCD-BE1C-FB71DD457182}.Debug|Any CPU.Build.0 = Debug|Any CPU
		{C12EF64E-DEF7-4DCD-BE1C-FB71DD457182}.Release|Any CPU.ActiveCfg = Release|Any CPU
		{C12EF64E-DEF7-4DCD-BE1C-FB71DD457182}.Release|Any CPU.Build.0 = Release|Any CPU
		{2FAB0CAA-437C-4228-8183-470FB2259728}.Debug|Any CPU.ActiveCfg = Debug|Any CPU
		{2FAB0CAA-437C-4228-8183-470FB2259728}.Debug|Any CPU.Build.0 = Debug|Any CPU
		{2FAB0CAA-437C-4228-8183-470FB2259728}.Release|Any CPU.ActiveCfg = Release|Any CPU
		{2FAB0CAA-437C-4228-8183-470FB2259728}.Release|Any CPU.Build.0 = Release|Any CPU
		{C39F323E-37E0-4C44-9D60-355112FC00C2}.Debug|Any CPU.ActiveCfg = Debug|Any CPU
		{C39F323E-37E0-4C44-9D60-355112FC00C2}.Debug|Any CPU.Build.0 = Debug|Any CPU
		{C39F323E-37E0-4C44-9D60-355112FC00C2}.Release|Any CPU.ActiveCfg = Release|Any CPU
		{C39F323E-37E0-4C44-9D60-355112FC00C2}.Release|Any CPU.Build.0 = Release|Any CPU
		{50CDF9D3-9D61-4F6F-9769-A6998D7ABF4B}.Debug|Any CPU.ActiveCfg = Debug|Any CPU
		{50CDF9D3-9D61-4F6F-9769-A6998D7ABF4B}.Debug|Any CPU.Build.0 = Debug|Any CPU
		{50CDF9D3-9D61-4F6F-9769-A6998D7ABF4B}.Release|Any CPU.ActiveCfg = Release|Any CPU
		{50CDF9D3-9D61-4F6F-9769-A6998D7ABF4B}.Release|Any CPU.Build.0 = Release|Any CPU
		{0E72E4B1-7906-4CE7-B4EB-E0B289519E13}.Debug|Any CPU.ActiveCfg = Debug|Any CPU
		{0E72E4B1-7906-4CE7-B4EB-E0B289519E13}.Debug|Any CPU.Build.0 = Debug|Any CPU
		{0E72E4B1-7906-4CE7-B4EB-E0B289519E13}.Release|Any CPU.ActiveCfg = Release|Any CPU
		{0E72E4B1-7906-4CE7-B4EB-E0B289519E13}.Release|Any CPU.Build.0 = Release|Any CPU
	EndGlobalSection
	GlobalSection(SolutionProperties) = preSolution
		HideSolutionNode = FALSE
	EndGlobalSection
	GlobalSection(ExtensibilityGlobals) = postSolution
		SolutionGuid = {986AEC1F-32C2-42C1-BA16-3AED8A87FDC3}
	EndGlobalSection
EndGlobal
